
Microsoft Visual Studio Solution File, Format Version 12.00
# Visual Studio Version 17
VisualStudioVersion = 17.9.34723.18
MinimumVisualStudioVersion = 10.0.40219.1
Project("{9A19103F-16F7-4668-BE54-9A1E7A4F7556}") = "Server", "Server\Server.csproj", "{98901EB3-1C85-40D6-B6DF-25692586D8DF}"
EndProject
Project("{2150E333-8FDC-42A3-9474-1A3956D46DE8}") = "Modules", "Modules", "{EC08C30A-2C7B-43BE-9AA2-DBB9EFBA4D45}"
EndProject
Project("{2150E333-8FDC-42A3-9474-1A3956D46DE8}") = "Module1", "Module1", "{2DE4B4CA-3375-4558-9A63-EF0D84D8C304}"
EndProject
Project("{9A19103F-16F7-4668-BE54-9A1E7A4F7556}") = "Server.CrossCuttingConcerns", "Server.CrossCuttingConcerns\Server.CrossCuttingConcerns.csproj", "{90021692-7BF8-4292-B878-6C2520812ACC}"
EndProject
Project("{2150E333-8FDC-42A3-9474-1A3956D46DE8}") = "Solution Items", "Solution Items", "{599485E1-E217-4AF9-B7D3-C013E5D3AF53}"
	ProjectSection(SolutionItems) = preProject
		Directory.Packages.props = Directory.Packages.props
	EndProjectSection
EndProject
Project("{9A19103F-16F7-4668-BE54-9A1E7A4F7556}") = "Server.Module1.Module", "Modules\Module1\Server.Module1.Module\Server.Module1.Module.csproj", "{946B7B27-E906-464B-97F7-EB4941E8AABF}"
EndProject
Project("{9A19103F-16F7-4668-BE54-9A1E7A4F7556}") = "Server.Module1.Infrastructure", "Modules\Module1\Server.Module1.Infrastructure\Server.Module1.Infrastructure.csproj", "{9561C265-2B21-433C-8FC2-464A783FDB25}"
EndProject
Project("{9A19103F-16F7-4668-BE54-9A1E7A4F7556}") = "Server.Module1.EndPoints", "Modules\Module1\Server.Module1.EndPoints\Server.Module1.EndPoints.csproj", "{270F9F26-D5FF-4353-8FC3-CD34D977FC7F}"
EndProject
Project("{9A19103F-16F7-4668-BE54-9A1E7A4F7556}") = "Server.Module1.Domain", "Modules\Module1\Server.Module1.Domain\Server.Module1.Domain.csproj", "{AC4B9EB7-59BB-4091-ABE4-611E842D5F99}"
EndProject
Project("{9A19103F-16F7-4668-BE54-9A1E7A4F7556}") = "Server.Module1.Contracts", "Modules\Module1\Server.Module1.Contracts\Server.Module1.Contracts.csproj", "{3D85ECF5-ED1B-4E4F-8696-5806AE58EE71}"
EndProject
Project("{9A19103F-16F7-4668-BE54-9A1E7A4F7556}") = "Server.Module1.Application", "Modules\Module1\Server.Module1.Application\Server.Module1.Application.csproj", "{E064B4F9-B840-4E89-91B0-DB1EC47126E8}"
EndProject
Global
	GlobalSection(SolutionConfigurationPlatforms) = preSolution
		Debug|Any CPU = Debug|Any CPU
		Debug|arm64 = Debug|arm64
		Debug|x86 = Debug|x86
		Release|Any CPU = Release|Any CPU
		Release|arm64 = Release|arm64
		Release|x86 = Release|x86
	EndGlobalSection
	GlobalSection(ProjectConfigurationPlatforms) = postSolution
		{98901EB3-1C85-40D6-B6DF-25692586D8DF}.Debug|Any CPU.ActiveCfg = Debug|Any CPU
		{98901EB3-1C85-40D6-B6DF-25692586D8DF}.Debug|Any CPU.Build.0 = Debug|Any CPU
		{98901EB3-1C85-40D6-B6DF-25692586D8DF}.Debug|arm64.ActiveCfg = Debug|Any CPU
		{98901EB3-1C85-40D6-B6DF-25692586D8DF}.Debug|arm64.Build.0 = Debug|Any CPU
		{98901EB3-1C85-40D6-B6DF-25692586D8DF}.Debug|x86.ActiveCfg = Debug|Any CPU
		{98901EB3-1C85-40D6-B6DF-25692586D8DF}.Debug|x86.Build.0 = Debug|Any CPU
		{98901EB3-1C85-40D6-B6DF-25692586D8DF}.Release|Any CPU.ActiveCfg = Release|Any CPU
		{98901EB3-1C85-40D6-B6DF-25692586D8DF}.Release|Any CPU.Build.0 = Release|Any CPU
		{98901EB3-1C85-40D6-B6DF-25692586D8DF}.Release|arm64.ActiveCfg = Release|Any CPU
		{98901EB3-1C85-40D6-B6DF-25692586D8DF}.Release|arm64.Build.0 = Release|Any CPU
		{98901EB3-1C85-40D6-B6DF-25692586D8DF}.Release|x86.ActiveCfg = Release|Any CPU
		{98901EB3-1C85-40D6-B6DF-25692586D8DF}.Release|x86.Build.0 = Release|Any CPU
		{90021692-7BF8-4292-B878-6C2520812ACC}.Debug|Any CPU.ActiveCfg = Debug|Any CPU
		{90021692-7BF8-4292-B878-6C2520812ACC}.Debug|Any CPU.Build.0 = Debug|Any CPU
		{90021692-7BF8-4292-B878-6C2520812ACC}.Debug|arm64.ActiveCfg = Debug|Any CPU
		{90021692-7BF8-4292-B878-6C2520812ACC}.Debug|arm64.Build.0 = Debug|Any CPU
		{90021692-7BF8-4292-B878-6C2520812ACC}.Debug|x86.ActiveCfg = Debug|Any CPU
		{90021692-7BF8-4292-B878-6C2520812ACC}.Debug|x86.Build.0 = Debug|Any CPU
		{90021692-7BF8-4292-B878-6C2520812ACC}.Release|Any CPU.ActiveCfg = Release|Any CPU
		{90021692-7BF8-4292-B878-6C2520812ACC}.Release|Any CPU.Build.0 = Release|Any CPU
		{90021692-7BF8-4292-B878-6C2520812ACC}.Release|arm64.ActiveCfg = Release|Any CPU
		{90021692-7BF8-4292-B878-6C2520812ACC}.Release|arm64.Build.0 = Release|Any CPU
		{90021692-7BF8-4292-B878-6C2520812ACC}.Release|x86.ActiveCfg = Release|Any CPU
		{90021692-7BF8-4292-B878-6C2520812ACC}.Release|x86.Build.0 = Release|Any CPU
		{946B7B27-E906-464B-97F7-EB4941E8AABF}.Debug|Any CPU.ActiveCfg = Debug|Any CPU
		{946B7B27-E906-464B-97F7-EB4941E8AABF}.Debug|Any CPU.Build.0 = Debug|Any CPU
		{946B7B27-E906-464B-97F7-EB4941E8AABF}.Debug|arm64.ActiveCfg = Debug|Any CPU
		{946B7B27-E906-464B-97F7-EB4941E8AABF}.Debug|arm64.Build.0 = Debug|Any CPU
		{946B7B27-E906-464B-97F7-EB4941E8AABF}.Debug|x86.ActiveCfg = Debug|Any CPU
		{946B7B27-E906-464B-97F7-EB4941E8AABF}.Debug|x86.Build.0 = Debug|Any CPU
		{946B7B27-E906-464B-97F7-EB4941E8AABF}.Release|Any CPU.ActiveCfg = Release|Any CPU
		{946B7B27-E906-464B-97F7-EB4941E8AABF}.Release|Any CPU.Build.0 = Release|Any CPU
		{946B7B27-E906-464B-97F7-EB4941E8AABF}.Release|arm64.ActiveCfg = Release|Any CPU
		{946B7B27-E906-464B-97F7-EB4941E8AABF}.Release|arm64.Build.0 = Release|Any CPU
		{946B7B27-E906-464B-97F7-EB4941E8AABF}.Release|x86.ActiveCfg = Release|Any CPU
		{946B7B27-E906-464B-97F7-EB4941E8AABF}.Release|x86.Build.0 = Release|Any CPU
		{9561C265-2B21-433C-8FC2-464A783FDB25}.Debug|Any CPU.ActiveCfg = Debug|Any CPU
		{9561C265-2B21-433C-8FC2-464A783FDB25}.Debug|Any CPU.Build.0 = Debug|Any CPU
		{9561C265-2B21-433C-8FC2-464A783FDB25}.Debug|arm64.ActiveCfg = Debug|Any CPU
		{9561C265-2B21-433C-8FC2-464A783FDB25}.Debug|arm64.Build.0 = Debug|Any CPU
		{9561C265-2B21-433C-8FC2-464A783FDB25}.Debug|x86.ActiveCfg = Debug|Any CPU
		{9561C265-2B21-433C-8FC2-464A783FDB25}.Debug|x86.Build.0 = Debug|Any CPU
		{9561C265-2B21-433C-8FC2-464A783FDB25}.Release|Any CPU.ActiveCfg = Release|Any CPU
		{9561C265-2B21-433C-8FC2-464A783FDB25}.Release|Any CPU.Build.0 = Release|Any CPU
		{9561C265-2B21-433C-8FC2-464A783FDB25}.Release|arm64.ActiveCfg = Release|Any CPU
		{9561C265-2B21-433C-8FC2-464A783FDB25}.Release|arm64.Build.0 = Release|Any CPU
		{9561C265-2B21-433C-8FC2-464A783FDB25}.Release|x86.ActiveCfg = Release|Any CPU
		{9561C265-2B21-433C-8FC2-464A783FDB25}.Release|x86.Build.0 = Release|Any CPU
		{270F9F26-D5FF-4353-8FC3-CD34D977FC7F}.Debug|Any CPU.ActiveCfg = Debug|Any CPU
		{270F9F26-D5FF-4353-8FC3-CD34D977FC7F}.Debug|Any CPU.Build.0 = Debug|Any CPU
		{270F9F26-D5FF-4353-8FC3-CD34D977FC7F}.Debug|arm64.ActiveCfg = Debug|Any CPU
		{270F9F26-D5FF-4353-8FC3-CD34D977FC7F}.Debug|arm64.Build.0 = Debug|Any CPU
		{270F9F26-D5FF-4353-8FC3-CD34D977FC7F}.Debug|x86.ActiveCfg = Debug|Any CPU
		{270F9F26-D5FF-4353-8FC3-CD34D977FC7F}.Debug|x86.Build.0 = Debug|Any CPU
		{270F9F26-D5FF-4353-8FC3-CD34D977FC7F}.Release|Any CPU.ActiveCfg = Release|Any CPU
		{270F9F26-D5FF-4353-8FC3-CD34D977FC7F}.Release|Any CPU.Build.0 = Release|Any CPU
		{270F9F26-D5FF-4353-8FC3-CD34D977FC7F}.Release|arm64.ActiveCfg = Release|Any CPU
		{270F9F26-D5FF-4353-8FC3-CD34D977FC7F}.Release|arm64.Build.0 = Release|Any CPU
		{270F9F26-D5FF-4353-8FC3-CD34D977FC7F}.Release|x86.ActiveCfg = Release|Any CPU
		{270F9F26-D5FF-4353-8FC3-CD34D977FC7F}.Release|x86.Build.0 = Release|Any CPU
		{AC4B9EB7-59BB-4091-ABE4-611E842D5F99}.Debug|Any CPU.ActiveCfg = Debug|Any CPU
		{AC4B9EB7-59BB-4091-ABE4-611E842D5F99}.Debug|Any CPU.Build.0 = Debug|Any CPU
		{AC4B9EB7-59BB-4091-ABE4-611E842D5F99}.Debug|arm64.ActiveCfg = Debug|Any CPU
		{AC4B9EB7-59BB-4091-ABE4-611E842D5F99}.Debug|arm64.Build.0 = Debug|Any CPU
		{AC4B9EB7-59BB-4091-ABE4-611E842D5F99}.Debug|x86.ActiveCfg = Debug|Any CPU
		{AC4B9EB7-59BB-4091-ABE4-611E842D5F99}.Debug|x86.Build.0 = Debug|Any CPU
		{AC4B9EB7-59BB-4091-ABE4-611E842D5F99}.Release|Any CPU.ActiveCfg = Release|Any CPU
		{AC4B9EB7-59BB-4091-ABE4-611E842D5F99}.Release|Any CPU.Build.0 = Release|Any CPU
		{AC4B9EB7-59BB-4091-ABE4-611E842D5F99}.Release|arm64.ActiveCfg = Release|Any CPU
		{AC4B9EB7-59BB-4091-ABE4-611E842D5F99}.Release|arm64.Build.0 = Release|Any CPU
		{AC4B9EB7-59BB-4091-ABE4-611E842D5F99}.Release|x86.ActiveCfg = Release|Any CPU
		{AC4B9EB7-59BB-4091-ABE4-611E842D5F99}.Release|x86.Build.0 = Release|Any CPU
		{3D85ECF5-ED1B-4E4F-8696-5806AE58EE71}.Debug|Any CPU.ActiveCfg = Debug|Any CPU
		{3D85ECF5-ED1B-4E4F-8696-5806AE58EE71}.Debug|Any CPU.Build.0 = Debug|Any CPU
		{3D85ECF5-ED1B-4E4F-8696-5806AE58EE71}.Debug|arm64.ActiveCfg = Debug|Any CPU
		{3D85ECF5-ED1B-4E4F-8696-5806AE58EE71}.Debug|arm64.Build.0 = Debug|Any CPU
		{3D85ECF5-ED1B-4E4F-8696-5806AE58EE71}.Debug|x86.ActiveCfg = Debug|Any CPU
		{3D85ECF5-ED1B-4E4F-8696-5806AE58EE71}.Debug|x86.Build.0 = Debug|Any CPU
		{3D85ECF5-ED1B-4E4F-8696-5806AE58EE71}.Release|Any CPU.ActiveCfg = Release|Any CPU
		{3D85ECF5-ED1B-4E4F-8696-5806AE58EE71}.Release|Any CPU.Build.0 = Release|Any CPU
		{3D85ECF5-ED1B-4E4F-8696-5806AE58EE71}.Release|arm64.ActiveCfg = Release|Any CPU
		{3D85ECF5-ED1B-4E4F-8696-5806AE58EE71}.Release|arm64.Build.0 = Release|Any CPU
		{3D85ECF5-ED1B-4E4F-8696-5806AE58EE71}.Release|x86.ActiveCfg = Release|Any CPU
		{3D85ECF5-ED1B-4E4F-8696-5806AE58EE71}.Release|x86.Build.0 = Release|Any CPU
		{E064B4F9-B840-4E89-91B0-DB1EC47126E8}.Debug|Any CPU.ActiveCfg = Debug|Any CPU
		{E064B4F9-B840-4E89-91B0-DB1EC47126E8}.Debug|Any CPU.Build.0 = Debug|Any CPU
		{E064B4F9-B840-4E89-91B0-DB1EC47126E8}.Debug|arm64.ActiveCfg = Debug|Any CPU
		{E064B4F9-B840-4E89-91B0-DB1EC47126E8}.Debug|arm64.Build.0 = Debug|Any CPU
		{E064B4F9-B840-4E89-91B0-DB1EC47126E8}.Debug|x86.ActiveCfg = Debug|Any CPU
		{E064B4F9-B840-4E89-91B0-DB1EC47126E8}.Debug|x86.Build.0 = Debug|Any CPU
		{E064B4F9-B840-4E89-91B0-DB1EC47126E8}.Release|Any CPU.ActiveCfg = Release|Any CPU
		{E064B4F9-B840-4E89-91B0-DB1EC47126E8}.Release|Any CPU.Build.0 = Release|Any CPU
		{E064B4F9-B840-4E89-91B0-DB1EC47126E8}.Release|arm64.ActiveCfg = Release|Any CPU
		{E064B4F9-B840-4E89-91B0-DB1EC47126E8}.Release|arm64.Build.0 = Release|Any CPU
		{E064B4F9-B840-4E89-91B0-DB1EC47126E8}.Release|x86.ActiveCfg = Release|Any CPU
		{E064B4F9-B840-4E89-91B0-DB1EC47126E8}.Release|x86.Build.0 = Release|Any CPU
	EndGlobalSection
	GlobalSection(SolutionProperties) = preSolution
		HideSolutionNode = FALSE
	EndGlobalSection
	GlobalSection(NestedProjects) = preSolution
		{2DE4B4CA-3375-4558-9A63-EF0D84D8C304} = {EC08C30A-2C7B-43BE-9AA2-DBB9EFBA4D45}
		{946B7B27-E906-464B-97F7-EB4941E8AABF} = {2DE4B4CA-3375-4558-9A63-EF0D84D8C304}
		{9561C265-2B21-433C-8FC2-464A783FDB25} = {2DE4B4CA-3375-4558-9A63-EF0D84D8C304}
		{270F9F26-D5FF-4353-8FC3-CD34D977FC7F} = {2DE4B4CA-3375-4558-9A63-EF0D84D8C304}
		{AC4B9EB7-59BB-4091-ABE4-611E842D5F99} = {2DE4B4CA-3375-4558-9A63-EF0D84D8C304}
		{3D85ECF5-ED1B-4E4F-8696-5806AE58EE71} = {2DE4B4CA-3375-4558-9A63-EF0D84D8C304}
		{E064B4F9-B840-4E89-91B0-DB1EC47126E8} = {2DE4B4CA-3375-4558-9A63-EF0D84D8C304}
	EndGlobalSection
	GlobalSection(ExtensibilityGlobals) = postSolution
		SolutionGuid = {7BEB734B-C576-42F4-9AC6-EB0A4E9049D6}
	EndGlobalSection
EndGlobal
