
Microsoft Visual Studio Solution File, Format Version 12.00
# Visual Studio Version 17
VisualStudioVersion = 17.9.34723.18
MinimumVisualStudioVersion = 10.0.40219.1
Project("{9A19103F-16F7-4668-BE54-9A1E7A4F7556}") = "Server", "Server\Server.csproj", "{98901EB3-1C85-40D6-B6DF-25692586D8DF}"
EndProject
Project("{9A19103F-16F7-4668-BE54-9A1E7A4F7556}") = "Server.CrossCuttingConcerns", "Server.CrossCuttingConcerns\Server.CrossCuttingConcerns.csproj", "{90021692-7BF8-4292-B878-6C2520812ACC}"
EndProject
Project("{2150E333-8FDC-42A3-9474-1A3956D46DE8}") = "Solution Items", "Solution Items", "{599485E1-E217-4AF9-B7D3-C013E5D3AF53}"
	ProjectSection(SolutionItems) = preProject
		Directory.Packages.props = Directory.Packages.props
	EndProjectSection
EndProject
Global
	GlobalSection(SolutionConfigurationPlatforms) = preSolution
		Debug|Any CPU = Debug|Any CPU
		Debug|arm64 = Debug|arm64
		Debug|x86 = Debug|x86
		Release|Any CPU = Release|Any CPU
		Release|arm64 = Release|arm64
		Release|x86 = Release|x86
	EndGlobalSection
	GlobalSection(ProjectConfigurationPlatforms) = postSolution
		{98901EB3-1C85-40D6-B6DF-25692586D8DF}.Debug|Any CPU.ActiveCfg = Debug|Any CPU
		{98901EB3-1C85-40D6-B6DF-25692586D8DF}.Debug|Any CPU.Build.0 = Debug|Any CPU
		{98901EB3-1C85-40D6-B6DF-25692586D8DF}.Debug|arm64.ActiveCfg = Debug|Any CPU
		{98901EB3-1C85-40D6-B6DF-25692586D8DF}.Debug|arm64.Build.0 = Debug|Any CPU
		{98901EB3-1C85-40D6-B6DF-25692586D8DF}.Debug|x86.ActiveCfg = Debug|Any CPU
		{98901EB3-1C85-40D6-B6DF-25692586D8DF}.Debug|x86.Build.0 = Debug|Any CPU
		{98901EB3-1C85-40D6-B6DF-25692586D8DF}.Release|Any CPU.ActiveCfg = Release|Any CPU
		{98901EB3-1C85-40D6-B6DF-25692586D8DF}.Release|Any CPU.Build.0 = Release|Any CPU
		{98901EB3-1C85-40D6-B6DF-25692586D8DF}.Release|arm64.ActiveCfg = Release|Any CPU
		{98901EB3-1C85-40D6-B6DF-25692586D8DF}.Release|arm64.Build.0 = Release|Any CPU
		{98901EB3-1C85-40D6-B6DF-25692586D8DF}.Release|x86.ActiveCfg = Release|Any CPU
		{98901EB3-1C85-40D6-B6DF-25692586D8DF}.Release|x86.Build.0 = Release|Any CPU
		{90021692-7BF8-4292-B878-6C2520812ACC}.Debug|Any CPU.ActiveCfg = Debug|Any CPU
		{90021692-7BF8-4292-B878-6C2520812ACC}.Debug|Any CPU.Build.0 = Debug|Any CPU
		{90021692-7BF8-4292-B878-6C2520812ACC}.Debug|arm64.ActiveCfg = Debug|Any CPU
		{90021692-7BF8-4292-B878-6C2520812ACC}.Debug|arm64.Build.0 = Debug|Any CPU
		{90021692-7BF8-4292-B878-6C2520812ACC}.Debug|x86.ActiveCfg = Debug|Any CPU
		{90021692-7BF8-4292-B878-6C2520812ACC}.Debug|x86.Build.0 = Debug|Any CPU
		{90021692-7BF8-4292-B878-6C2520812ACC}.Release|Any CPU.ActiveCfg = Release|Any CPU
		{90021692-7BF8-4292-B878-6C2520812ACC}.Release|Any CPU.Build.0 = Release|Any CPU
		{90021692-7BF8-4292-B878-6C2520812ACC}.Release|arm64.ActiveCfg = Release|Any CPU
		{90021692-7BF8-4292-B878-6C2520812ACC}.Release|arm64.Build.0 = Release|Any CPU
		{90021692-7BF8-4292-B878-6C2520812ACC}.Release|x86.ActiveCfg = Release|Any CPU
		{90021692-7BF8-4292-B878-6C2520812ACC}.Release|x86.Build.0 = Release|Any CPU
	EndGlobalSection
	GlobalSection(SolutionProperties) = preSolution
		HideSolutionNode = FALSE
	EndGlobalSection
	GlobalSection(ExtensibilityGlobals) = postSolution
		SolutionGuid = {7BEB734B-C576-42F4-9AC6-EB0A4E9049D6}
	EndGlobalSection
EndGlobal
